
Microsoft Visual Studio Solution File, Format Version 12.00
# Visual Studio Version 16
VisualStudioVersion = 16.0.35731.53
MinimumVisualStudioVersion = 10.0.40219.1
Project("{FAE04EC0-301F-11D3-BF4B-00C04F79EFBC}") = "OMMAuto", "OMMAuto.csproj", "{7EA372AE-2DC6-4CFD-8B3C-16A9640E5A0E}"
EndProject
Project("{2150E333-8FDC-42A3-9474-1A3956D46DE8}") = "使用说明", "使用说明", "{BABA614E-B67A-465A-A6D2-F8B415C89FA9}"
	ProjectSection(SolutionItems) = preProject
		readme.md = readme.md
	EndProjectSection
EndProject
Project("{54435603-DBB4-11D2-8724-00A0C9A8B90C}") = "OMMSetup", "OMMSetup\OMMSetup.vdproj", "{A7BC4E99-5851-4EDD-959C-E5EE91F051DD}"
EndProject
Global
	GlobalSection(SolutionConfigurationPlatforms) = preSolution
		Debug|Any CPU = Debug|Any CPU
		Debug|x64 = Debug|x64
		Release|Any CPU = Release|Any CPU
		Release|x64 = Release|x64
	EndGlobalSection
	GlobalSection(ProjectConfigurationPlatforms) = postSolution
		{7EA372AE-2DC6-4CFD-8B3C-16A9640E5A0E}.Debug|Any CPU.ActiveCfg = Debug|Any CPU
		{7EA372AE-2DC6-4CFD-8B3C-16A9640E5A0E}.Debug|Any CPU.Build.0 = Debug|Any CPU
		{7EA372AE-2DC6-4CFD-8B3C-16A9640E5A0E}.Debug|x64.ActiveCfg = Debug|x64
		{7EA372AE-2DC6-4CFD-8B3C-16A9640E5A0E}.Debug|x64.Build.0 = Debug|x64
		{7EA372AE-2DC6-4CFD-8B3C-16A9640E5A0E}.Release|Any CPU.ActiveCfg = Release|Any CPU
		{7EA372AE-2DC6-4CFD-8B3C-16A9640E5A0E}.Release|Any CPU.Build.0 = Release|Any CPU
		{7EA372AE-2DC6-4CFD-8B3C-16A9640E5A0E}.Release|x64.ActiveCfg = Release|x64
		{7EA372AE-2DC6-4CFD-8B3C-16A9640E5A0E}.Release|x64.Build.0 = Release|x64
		{A7BC4E99-5851-4EDD-959C-E5EE91F051DD}.Debug|Any CPU.ActiveCfg = Debug
		{A7BC4E99-5851-4EDD-959C-E5EE91F051DD}.Debug|Any CPU.Build.0 = Debug
		{A7BC4E99-5851-4EDD-959C-E5EE91F051DD}.Debug|x64.ActiveCfg = Debug
		{A7BC4E99-5851-4EDD-959C-E5EE91F051DD}.Debug|x64.Build.0 = Debug
		{A7BC4E99-5851-4EDD-959C-E5EE91F051DD}.Release|Any CPU.ActiveCfg = Release
		{A7BC4E99-5851-4EDD-959C-E5EE91F051DD}.Release|Any CPU.Build.0 = Release
		{A7BC4E99-5851-4EDD-959C-E5EE91F051DD}.Release|x64.ActiveCfg = Release
		{A7BC4E99-5851-4EDD-959C-E5EE91F051DD}.Release|x64.Build.0 = Release
	EndGlobalSection
	GlobalSection(SolutionProperties) = preSolution
		HideSolutionNode = FALSE
	EndGlobalSection
	GlobalSection(ExtensibilityGlobals) = postSolution
		SolutionGuid = {9BB25876-03A2-4599-B114-D59803359C64}
	EndGlobalSection
EndGlobal
